
Microsoft Visual Studio Solution File, Format Version 12.00
# Visual Studio Version 16
VisualStudioVersion = 16.0.34031.81
MinimumVisualStudioVersion = 10.0.40219.1
Project("{2150E333-8FDC-42A3-9474-1A3956D46DE8}") = "Task0", "Task0", "{1B3ECC5A-31AF-4B25-89B8-7E4EA95D87A2}"
EndProject
Project("{FAE04EC0-301F-11D3-BF4B-00C04F79EFBC}") = "Tyuiu.SorokinAD.Sprint6.Task0.V17.Lib", "Tyuiu.SorokinAD.Sprint6.Task0.V17.Lib\Tyuiu.SorokinAD.Sprint6.Task0.V17.Lib.csproj", "{BC5CB456-5504-41EE-9FCF-D5DEA4BEC8BC}"
EndProject
Project("{FAE04EC0-301F-11D3-BF4B-00C04F79EFBC}") = "Tyuiu.SorokinAD.Sprint6.Task0.V17.Test", "Tyuiu.SorokinAD.Sprint6.Task0.V17.Test\Tyuiu.SorokinAD.Sprint6.Task0.V17.Test.csproj", "{3320CA84-8C50-40C8-B578-F206812CDD92}"
EndProject
Project("{FAE04EC0-301F-11D3-BF4B-00C04F79EFBC}") = "Tyuiu.SorokinAD.Sprint6.Task0.V17", "Tyuiu.SorokinAD.Sprint6.Task0.V17\Tyuiu.SorokinAD.Sprint6.Task0.V17.csproj", "{AE4E1719-DD4A-447F-B719-D171CA1685C1}"
EndProject
Global
	GlobalSection(SolutionConfigurationPlatforms) = preSolution
		Debug|Any CPU = Debug|Any CPU
		Release|Any CPU = Release|Any CPU
	EndGlobalSection
	GlobalSection(ProjectConfigurationPlatforms) = postSolution
		{BC5CB456-5504-41EE-9FCF-D5DEA4BEC8BC}.Debug|Any CPU.ActiveCfg = Debug|Any CPU
		{BC5CB456-5504-41EE-9FCF-D5DEA4BEC8BC}.Debug|Any CPU.Build.0 = Debug|Any CPU
		{BC5CB456-5504-41EE-9FCF-D5DEA4BEC8BC}.Release|Any CPU.ActiveCfg = Release|Any CPU
		{BC5CB456-5504-41EE-9FCF-D5DEA4BEC8BC}.Release|Any CPU.Build.0 = Release|Any CPU
		{3320CA84-8C50-40C8-B578-F206812CDD92}.Debug|Any CPU.ActiveCfg = Debug|Any CPU
		{3320CA84-8C50-40C8-B578-F206812CDD92}.Debug|Any CPU.Build.0 = Debug|Any CPU
		{3320CA84-8C50-40C8-B578-F206812CDD92}.Release|Any CPU.ActiveCfg = Release|Any CPU
		{3320CA84-8C50-40C8-B578-F206812CDD92}.Release|Any CPU.Build.0 = Release|Any CPU
		{AE4E1719-DD4A-447F-B719-D171CA1685C1}.Debug|Any CPU.ActiveCfg = Debug|Any CPU
		{AE4E1719-DD4A-447F-B719-D171CA1685C1}.Debug|Any CPU.Build.0 = Debug|Any CPU
		{AE4E1719-DD4A-447F-B719-D171CA1685C1}.Release|Any CPU.ActiveCfg = Release|Any CPU
		{AE4E1719-DD4A-447F-B719-D171CA1685C1}.Release|Any CPU.Build.0 = Release|Any CPU
	EndGlobalSection
	GlobalSection(SolutionProperties) = preSolution
		HideSolutionNode = FALSE
	EndGlobalSection
	GlobalSection(NestedProjects) = preSolution
		{BC5CB456-5504-41EE-9FCF-D5DEA4BEC8BC} = {1B3ECC5A-31AF-4B25-89B8-7E4EA95D87A2}
		{3320CA84-8C50-40C8-B578-F206812CDD92} = {1B3ECC5A-31AF-4B25-89B8-7E4EA95D87A2}
		{AE4E1719-DD4A-447F-B719-D171CA1685C1} = {1B3ECC5A-31AF-4B25-89B8-7E4EA95D87A2}
	EndGlobalSection
	GlobalSection(ExtensibilityGlobals) = postSolution
		SolutionGuid = {10CBF1F9-2C32-47E9-87F0-A3363651D1EB}
	EndGlobalSection
EndGlobal
