
Microsoft Visual Studio Solution File, Format Version 12.00
# Visual Studio Version 16
VisualStudioVersion = 16.0.34031.81
MinimumVisualStudioVersion = 10.0.40219.1
Project("{2150E333-8FDC-42A3-9474-1A3956D46DE8}") = "Task0", "Task0", "{1B3ECC5A-31AF-4B25-89B8-7E4EA95D87A2}"
EndProject
Project("{FAE04EC0-301F-11D3-BF4B-00C04F79EFBC}") = "Tyuiu.SorokinAD.Sprint6.Task0.V17.Lib", "Tyuiu.SorokinAD.Sprint6.Task0.V17.Lib\Tyuiu.SorokinAD.Sprint6.Task0.V17.Lib.csproj", "{BC5CB456-5504-41EE-9FCF-D5DEA4BEC8BC}"
EndProject
Project("{FAE04EC0-301F-11D3-BF4B-00C04F79EFBC}") = "Tyuiu.SorokinAD.Sprint6.Task0.V17.Test", "Tyuiu.SorokinAD.Sprint6.Task0.V17.Test\Tyuiu.SorokinAD.Sprint6.Task0.V17.Test.csproj", "{3320CA84-8C50-40C8-B578-F206812CDD92}"
EndProject
Project("{FAE04EC0-301F-11D3-BF4B-00C04F79EFBC}") = "Tyuiu.SorokinAD.Sprint6.Task0.V17", "Tyuiu.SorokinAD.Sprint6.Task0.V17\Tyuiu.SorokinAD.Sprint6.Task0.V17.csproj", "{AE4E1719-DD4A-447F-B719-D171CA1685C1}"
EndProject
Project("{FAE04EC0-301F-11D3-BF4B-00C04F79EFBC}") = "Tyuiu.SorokinAD.Sprint6.Task1.V7", "Tyuiu.SorokinAD.Sprint6.Task1.V7\Tyuiu.SorokinAD.Sprint6.Task1.V7.csproj", "{937C607D-ACE4-4F10-9B7C-48F0ADA19E08}"
EndProject
Project("{2150E333-8FDC-42A3-9474-1A3956D46DE8}") = "Task1", "Task1", "{1C21BB35-E294-452D-A456-08ED9FA57EB0}"
EndProject
Project("{FAE04EC0-301F-11D3-BF4B-00C04F79EFBC}") = "Tyuiu.SorokinAD.Sprint6.Task1.V7.Lib", "Tyuiu.SorokinAD.Sprint6.Task1.V7.Lib\Tyuiu.SorokinAD.Sprint6.Task1.V7.Lib.csproj", "{909C6F48-1F88-4D44-8FD1-5DC96A322FEB}"
EndProject
Project("{FAE04EC0-301F-11D3-BF4B-00C04F79EFBC}") = "Tyuiu.SorokinAD.Sprint6.Task1.V7.Test", "Tyuiu.SorokinAD.Sprint6.Task1.V7.Test\Tyuiu.SorokinAD.Sprint6.Task1.V7.Test.csproj", "{B07962AE-A0F2-4203-B248-53010BE18B2F}"
EndProject
Project("{2150E333-8FDC-42A3-9474-1A3956D46DE8}") = "Task2", "Task2", "{512739D0-673C-4085-B8B5-E396E6A9F2AE}"
EndProject
Project("{FAE04EC0-301F-11D3-BF4B-00C04F79EFBC}") = "Tyuiu.SorokinAD.Sprint6.Task2.V21", "Tyuiu.SorokinAD.Sprint6.Task2.V21\Tyuiu.SorokinAD.Sprint6.Task2.V21.csproj", "{D03EB027-3FB9-4422-BFFE-9176F9F4AF10}"
EndProject
Project("{FAE04EC0-301F-11D3-BF4B-00C04F79EFBC}") = "Tyuiu.SorokinAD.Sprint6.Task2.V21.Lib", "Tyuiu.SorokinAD.Sprint6.Task2.V21.Lib\Tyuiu.SorokinAD.Sprint6.Task2.V21.Lib.csproj", "{F42F55C1-55C6-4DFD-A48A-DDF466BADF79}"
EndProject
Project("{FAE04EC0-301F-11D3-BF4B-00C04F79EFBC}") = "Tyuiu.SorokinAD.Sprint6.Task2.V21.Test", "Tyuiu.SorokinAD.Sprint6.Task2.V21.Test\Tyuiu.SorokinAD.Sprint6.Task2.V21.Test.csproj", "{6038A130-5A18-4A61-B792-2B2F442519CF}"
EndProject
Project("{2150E333-8FDC-42A3-9474-1A3956D46DE8}") = "Task4", "Task4", "{C10A4962-0FA3-4C35-A955-FCB9116942E6}"
EndProject
Project("{FAE04EC0-301F-11D3-BF4B-00C04F79EFBC}") = "Tyuiu.SorokinAD.Sprint6.Task4.V4", "Tyuiu.SorokinAD.Sprint6.Task4.V4\Tyuiu.SorokinAD.Sprint6.Task4.V4.csproj", "{FA589604-AAAF-439C-A2C6-17CFDCF392EE}"
EndProject
Project("{FAE04EC0-301F-11D3-BF4B-00C04F79EFBC}") = "Tyuiu.SorokinAD.Sprint6.Task4.V4.Test", "Tyuiu.SorokinAD.Sprint6.Task4.V4.Test\Tyuiu.SorokinAD.Sprint6.Task4.V4.Test.csproj", "{07C888F4-49A1-41E5-A32A-8BA13B8B4277}"
EndProject
Project("{FAE04EC0-301F-11D3-BF4B-00C04F79EFBC}") = "Tyuiu.SorokinAD.Sprint6.Task4.V4.Lib", "Tyuiu.SorokinAD.Sprint6.Task4.V4.Lib\Tyuiu.SorokinAD.Sprint6.Task4.V4.Lib.csproj", "{2098B48F-7A28-4A8A-90BB-DCDD7A63D9D6}"
EndProject
Project("{2150E333-8FDC-42A3-9474-1A3956D46DE8}") = "Task5", "Task5", "{953A4ED5-3D7B-4693-A8DC-16D400AE68F7}"
EndProject
Project("{FAE04EC0-301F-11D3-BF4B-00C04F79EFBC}") = "Tyuiu.SorokinAD.Sprint6.Task5.V11.Test", "Tyuiu.SorokinAD.Sprint6.Task5.V11.Test\Tyuiu.SorokinAD.Sprint6.Task5.V11.Test.csproj", "{035F319F-C530-4F8F-BFA1-9DE4AB65FBB2}"
EndProject
Project("{FAE04EC0-301F-11D3-BF4B-00C04F79EFBC}") = "Tyuiu.SorokinAD.Sprint6.Task5.V11.Lib", "Tyuiu.SorokinAD.Sprint6.Task5.V11.Lib\Tyuiu.SorokinAD.Sprint6.Task5.V11.Lib.csproj", "{68A6EAE8-2083-4410-9ED6-F192CCEDE16E}"
EndProject
Project("{FAE04EC0-301F-11D3-BF4B-00C04F79EFBC}") = "Tyuiu.SorokinAD.Sprint6.Task5.V11", "Tyuiu.SorokinAD.Sprint6.Task5.V11\Tyuiu.SorokinAD.Sprint6.Task5.V11.csproj", "{BE1770C7-A085-4A3A-B5C0-B0CF9B8AD9C1}"
EndProject
Project("{FAE04EC0-301F-11D3-BF4B-00C04F79EFBC}") = "Tyuiu.SorokinAD.Sprint6.Task6.V22.Test", "Tyuiu.SorokinAD.Sprint6.Task6.V22.Test\Tyuiu.SorokinAD.Sprint6.Task6.V22.Test.csproj", "{9F698A21-4446-40FC-BFBE-41DAE99EF230}"
EndProject
Project("{2150E333-8FDC-42A3-9474-1A3956D46DE8}") = "Task6", "Task6", "{DFA574D8-9D3C-42F1-A0F6-FF63873440DA}"
EndProject
Project("{FAE04EC0-301F-11D3-BF4B-00C04F79EFBC}") = "Tyuiu.SorokinAD.Sprint6.Task6.V22", "Tyuiu.SorokinAD.Sprint6.Task6.V22\Tyuiu.SorokinAD.Sprint6.Task6.V22.csproj", "{B240C7FF-6D58-47D4-B641-18E5450E74BD}"
EndProject
Project("{FAE04EC0-301F-11D3-BF4B-00C04F79EFBC}") = "Tyuiu.SorokinAD.Sprint6.Task6.V22.Lib", "Tyuiu.SorokinAD.Sprint6.Task6.V22.Lib\Tyuiu.SorokinAD.Sprint6.Task6.V22.Lib.csproj", "{42E9C14E-CE97-448E-AE5C-42BBCA349B25}"
EndProject
Global
	GlobalSection(SolutionConfigurationPlatforms) = preSolution
		Debug|Any CPU = Debug|Any CPU
		Release|Any CPU = Release|Any CPU
	EndGlobalSection
	GlobalSection(ProjectConfigurationPlatforms) = postSolution
		{BC5CB456-5504-41EE-9FCF-D5DEA4BEC8BC}.Debug|Any CPU.ActiveCfg = Debug|Any CPU
		{BC5CB456-5504-41EE-9FCF-D5DEA4BEC8BC}.Debug|Any CPU.Build.0 = Debug|Any CPU
		{BC5CB456-5504-41EE-9FCF-D5DEA4BEC8BC}.Release|Any CPU.ActiveCfg = Release|Any CPU
		{BC5CB456-5504-41EE-9FCF-D5DEA4BEC8BC}.Release|Any CPU.Build.0 = Release|Any CPU
		{3320CA84-8C50-40C8-B578-F206812CDD92}.Debug|Any CPU.ActiveCfg = Debug|Any CPU
		{3320CA84-8C50-40C8-B578-F206812CDD92}.Debug|Any CPU.Build.0 = Debug|Any CPU
		{3320CA84-8C50-40C8-B578-F206812CDD92}.Release|Any CPU.ActiveCfg = Release|Any CPU
		{3320CA84-8C50-40C8-B578-F206812CDD92}.Release|Any CPU.Build.0 = Release|Any CPU
		{AE4E1719-DD4A-447F-B719-D171CA1685C1}.Debug|Any CPU.ActiveCfg = Debug|Any CPU
		{AE4E1719-DD4A-447F-B719-D171CA1685C1}.Debug|Any CPU.Build.0 = Debug|Any CPU
		{AE4E1719-DD4A-447F-B719-D171CA1685C1}.Release|Any CPU.ActiveCfg = Release|Any CPU
		{AE4E1719-DD4A-447F-B719-D171CA1685C1}.Release|Any CPU.Build.0 = Release|Any CPU
		{937C607D-ACE4-4F10-9B7C-48F0ADA19E08}.Debug|Any CPU.ActiveCfg = Debug|Any CPU
		{937C607D-ACE4-4F10-9B7C-48F0ADA19E08}.Debug|Any CPU.Build.0 = Debug|Any CPU
		{937C607D-ACE4-4F10-9B7C-48F0ADA19E08}.Release|Any CPU.ActiveCfg = Release|Any CPU
		{937C607D-ACE4-4F10-9B7C-48F0ADA19E08}.Release|Any CPU.Build.0 = Release|Any CPU
		{909C6F48-1F88-4D44-8FD1-5DC96A322FEB}.Debug|Any CPU.ActiveCfg = Debug|Any CPU
		{909C6F48-1F88-4D44-8FD1-5DC96A322FEB}.Debug|Any CPU.Build.0 = Debug|Any CPU
		{909C6F48-1F88-4D44-8FD1-5DC96A322FEB}.Release|Any CPU.ActiveCfg = Release|Any CPU
		{909C6F48-1F88-4D44-8FD1-5DC96A322FEB}.Release|Any CPU.Build.0 = Release|Any CPU
		{B07962AE-A0F2-4203-B248-53010BE18B2F}.Debug|Any CPU.ActiveCfg = Debug|Any CPU
		{B07962AE-A0F2-4203-B248-53010BE18B2F}.Debug|Any CPU.Build.0 = Debug|Any CPU
		{B07962AE-A0F2-4203-B248-53010BE18B2F}.Release|Any CPU.ActiveCfg = Release|Any CPU
		{B07962AE-A0F2-4203-B248-53010BE18B2F}.Release|Any CPU.Build.0 = Release|Any CPU
		{D03EB027-3FB9-4422-BFFE-9176F9F4AF10}.Debug|Any CPU.ActiveCfg = Debug|Any CPU
		{D03EB027-3FB9-4422-BFFE-9176F9F4AF10}.Debug|Any CPU.Build.0 = Debug|Any CPU
		{D03EB027-3FB9-4422-BFFE-9176F9F4AF10}.Release|Any CPU.ActiveCfg = Release|Any CPU
		{D03EB027-3FB9-4422-BFFE-9176F9F4AF10}.Release|Any CPU.Build.0 = Release|Any CPU
		{F42F55C1-55C6-4DFD-A48A-DDF466BADF79}.Debug|Any CPU.ActiveCfg = Debug|Any CPU
		{F42F55C1-55C6-4DFD-A48A-DDF466BADF79}.Debug|Any CPU.Build.0 = Debug|Any CPU
		{F42F55C1-55C6-4DFD-A48A-DDF466BADF79}.Release|Any CPU.ActiveCfg = Release|Any CPU
		{F42F55C1-55C6-4DFD-A48A-DDF466BADF79}.Release|Any CPU.Build.0 = Release|Any CPU
		{6038A130-5A18-4A61-B792-2B2F442519CF}.Debug|Any CPU.ActiveCfg = Debug|Any CPU
		{6038A130-5A18-4A61-B792-2B2F442519CF}.Debug|Any CPU.Build.0 = Debug|Any CPU
		{6038A130-5A18-4A61-B792-2B2F442519CF}.Release|Any CPU.ActiveCfg = Release|Any CPU
		{6038A130-5A18-4A61-B792-2B2F442519CF}.Release|Any CPU.Build.0 = Release|Any CPU
		{FA589604-AAAF-439C-A2C6-17CFDCF392EE}.Debug|Any CPU.ActiveCfg = Debug|Any CPU
		{FA589604-AAAF-439C-A2C6-17CFDCF392EE}.Debug|Any CPU.Build.0 = Debug|Any CPU
		{FA589604-AAAF-439C-A2C6-17CFDCF392EE}.Release|Any CPU.ActiveCfg = Release|Any CPU
		{FA589604-AAAF-439C-A2C6-17CFDCF392EE}.Release|Any CPU.Build.0 = Release|Any CPU
		{07C888F4-49A1-41E5-A32A-8BA13B8B4277}.Debug|Any CPU.ActiveCfg = Debug|Any CPU
		{07C888F4-49A1-41E5-A32A-8BA13B8B4277}.Debug|Any CPU.Build.0 = Debug|Any CPU
		{07C888F4-49A1-41E5-A32A-8BA13B8B4277}.Release|Any CPU.ActiveCfg = Release|Any CPU
		{07C888F4-49A1-41E5-A32A-8BA13B8B4277}.Release|Any CPU.Build.0 = Release|Any CPU
		{2098B48F-7A28-4A8A-90BB-DCDD7A63D9D6}.Debug|Any CPU.ActiveCfg = Debug|Any CPU
		{2098B48F-7A28-4A8A-90BB-DCDD7A63D9D6}.Debug|Any CPU.Build.0 = Debug|Any CPU
		{2098B48F-7A28-4A8A-90BB-DCDD7A63D9D6}.Release|Any CPU.ActiveCfg = Release|Any CPU
		{2098B48F-7A28-4A8A-90BB-DCDD7A63D9D6}.Release|Any CPU.Build.0 = Release|Any CPU
		{035F319F-C530-4F8F-BFA1-9DE4AB65FBB2}.Debug|Any CPU.ActiveCfg = Debug|Any CPU
		{035F319F-C530-4F8F-BFA1-9DE4AB65FBB2}.Debug|Any CPU.Build.0 = Debug|Any CPU
		{035F319F-C530-4F8F-BFA1-9DE4AB65FBB2}.Release|Any CPU.ActiveCfg = Release|Any CPU
		{035F319F-C530-4F8F-BFA1-9DE4AB65FBB2}.Release|Any CPU.Build.0 = Release|Any CPU
		{68A6EAE8-2083-4410-9ED6-F192CCEDE16E}.Debug|Any CPU.ActiveCfg = Debug|Any CPU
		{68A6EAE8-2083-4410-9ED6-F192CCEDE16E}.Debug|Any CPU.Build.0 = Debug|Any CPU
		{68A6EAE8-2083-4410-9ED6-F192CCEDE16E}.Release|Any CPU.ActiveCfg = Release|Any CPU
		{68A6EAE8-2083-4410-9ED6-F192CCEDE16E}.Release|Any CPU.Build.0 = Release|Any CPU
		{BE1770C7-A085-4A3A-B5C0-B0CF9B8AD9C1}.Debug|Any CPU.ActiveCfg = Debug|Any CPU
		{BE1770C7-A085-4A3A-B5C0-B0CF9B8AD9C1}.Debug|Any CPU.Build.0 = Debug|Any CPU
		{BE1770C7-A085-4A3A-B5C0-B0CF9B8AD9C1}.Release|Any CPU.ActiveCfg = Release|Any CPU
		{BE1770C7-A085-4A3A-B5C0-B0CF9B8AD9C1}.Release|Any CPU.Build.0 = Release|Any CPU
		{9F698A21-4446-40FC-BFBE-41DAE99EF230}.Debug|Any CPU.ActiveCfg = Debug|Any CPU
		{9F698A21-4446-40FC-BFBE-41DAE99EF230}.Debug|Any CPU.Build.0 = Debug|Any CPU
		{9F698A21-4446-40FC-BFBE-41DAE99EF230}.Release|Any CPU.ActiveCfg = Release|Any CPU
		{9F698A21-4446-40FC-BFBE-41DAE99EF230}.Release|Any CPU.Build.0 = Release|Any CPU
		{B240C7FF-6D58-47D4-B641-18E5450E74BD}.Debug|Any CPU.ActiveCfg = Debug|Any CPU
		{B240C7FF-6D58-47D4-B641-18E5450E74BD}.Debug|Any CPU.Build.0 = Debug|Any CPU
		{B240C7FF-6D58-47D4-B641-18E5450E74BD}.Release|Any CPU.ActiveCfg = Release|Any CPU
		{B240C7FF-6D58-47D4-B641-18E5450E74BD}.Release|Any CPU.Build.0 = Release|Any CPU
		{42E9C14E-CE97-448E-AE5C-42BBCA349B25}.Debug|Any CPU.ActiveCfg = Debug|Any CPU
		{42E9C14E-CE97-448E-AE5C-42BBCA349B25}.Debug|Any CPU.Build.0 = Debug|Any CPU
		{42E9C14E-CE97-448E-AE5C-42BBCA349B25}.Release|Any CPU.ActiveCfg = Release|Any CPU
		{42E9C14E-CE97-448E-AE5C-42BBCA349B25}.Release|Any CPU.Build.0 = Release|Any CPU
	EndGlobalSection
	GlobalSection(SolutionProperties) = preSolution
		HideSolutionNode = FALSE
	EndGlobalSection
	GlobalSection(NestedProjects) = preSolution
		{BC5CB456-5504-41EE-9FCF-D5DEA4BEC8BC} = {1B3ECC5A-31AF-4B25-89B8-7E4EA95D87A2}
		{3320CA84-8C50-40C8-B578-F206812CDD92} = {1B3ECC5A-31AF-4B25-89B8-7E4EA95D87A2}
		{AE4E1719-DD4A-447F-B719-D171CA1685C1} = {1B3ECC5A-31AF-4B25-89B8-7E4EA95D87A2}
		{937C607D-ACE4-4F10-9B7C-48F0ADA19E08} = {1C21BB35-E294-452D-A456-08ED9FA57EB0}
		{909C6F48-1F88-4D44-8FD1-5DC96A322FEB} = {1C21BB35-E294-452D-A456-08ED9FA57EB0}
		{B07962AE-A0F2-4203-B248-53010BE18B2F} = {1C21BB35-E294-452D-A456-08ED9FA57EB0}
		{D03EB027-3FB9-4422-BFFE-9176F9F4AF10} = {512739D0-673C-4085-B8B5-E396E6A9F2AE}
		{F42F55C1-55C6-4DFD-A48A-DDF466BADF79} = {512739D0-673C-4085-B8B5-E396E6A9F2AE}
		{6038A130-5A18-4A61-B792-2B2F442519CF} = {512739D0-673C-4085-B8B5-E396E6A9F2AE}
		{FA589604-AAAF-439C-A2C6-17CFDCF392EE} = {C10A4962-0FA3-4C35-A955-FCB9116942E6}
		{07C888F4-49A1-41E5-A32A-8BA13B8B4277} = {C10A4962-0FA3-4C35-A955-FCB9116942E6}
		{2098B48F-7A28-4A8A-90BB-DCDD7A63D9D6} = {C10A4962-0FA3-4C35-A955-FCB9116942E6}
		{035F319F-C530-4F8F-BFA1-9DE4AB65FBB2} = {953A4ED5-3D7B-4693-A8DC-16D400AE68F7}
		{68A6EAE8-2083-4410-9ED6-F192CCEDE16E} = {953A4ED5-3D7B-4693-A8DC-16D400AE68F7}
		{BE1770C7-A085-4A3A-B5C0-B0CF9B8AD9C1} = {953A4ED5-3D7B-4693-A8DC-16D400AE68F7}
		{9F698A21-4446-40FC-BFBE-41DAE99EF230} = {DFA574D8-9D3C-42F1-A0F6-FF63873440DA}
		{B240C7FF-6D58-47D4-B641-18E5450E74BD} = {DFA574D8-9D3C-42F1-A0F6-FF63873440DA}
		{42E9C14E-CE97-448E-AE5C-42BBCA349B25} = {DFA574D8-9D3C-42F1-A0F6-FF63873440DA}
	EndGlobalSection
	GlobalSection(ExtensibilityGlobals) = postSolution
		SolutionGuid = {10CBF1F9-2C32-47E9-87F0-A3363651D1EB}
	EndGlobalSection
EndGlobal
